
Microsoft Visual Studio Solution File, Format Version 12.00
# Visual Studio Version 17
VisualStudioVersion = 17.3.32929.385
MinimumVisualStudioVersion = 10.0.40219.1
Project("{FAE04EC0-301F-11D3-BF4B-00C04F79EFBC}") = "class", "class.csproj", "{EB5DDC85-B3CB-498F-AD20-F5E543AEC979}"
EndProject
Global
	GlobalSection(SolutionConfigurationPlatforms) = preSolution
		Debug|Any CPU = Debug|Any CPU
		Release|Any CPU = Release|Any CPU
	EndGlobalSection
	GlobalSection(ProjectConfigurationPlatforms) = postSolution
		{EB5DDC85-B3CB-498F-AD20-F5E543AEC979}.Debug|Any CPU.ActiveCfg = Debug|Any CPU
		{EB5DDC85-B3CB-498F-AD20-F5E543AEC979}.Debug|Any CPU.Build.0 = Debug|Any CPU
		{EB5DDC85-B3CB-498F-AD20-F5E543AEC979}.Release|Any CPU.ActiveCfg = Release|Any CPU
		{EB5DDC85-B3CB-498F-AD20-F5E543AEC979}.Release|Any CPU.Build.0 = Release|Any CPU
	EndGlobalSection
	GlobalSection(SolutionProperties) = preSolution
		HideSolutionNode = FALSE
	EndGlobalSection
	GlobalSection(ExtensibilityGlobals) = postSolution
		SolutionGuid = {FDF26EFE-8A04-49DE-B161-3DAE3C16CDB0}
	EndGlobalSection
EndGlobal
